
Microsoft Visual Studio Solution File, Format Version 12.00
# Visual Studio Version 17
VisualStudioVersion = 17.5.002.0
MinimumVisualStudioVersion = 10.0.40219.1
Project("{9A19103F-16F7-4668-BE54-9A1E7A4F7556}") = "Cinema", "Cinema.csproj", "{E1C3DBCF-4378-43CD-86AC-8F8C26A4BE6B}"
EndProject
Global
	GlobalSection(SolutionConfigurationPlatforms) = preSolution
		Debug|Any CPU = Debug|Any CPU
		Release|Any CPU = Release|Any CPU
	EndGlobalSection
	GlobalSection(ProjectConfigurationPlatforms) = postSolution
		{E1C3DBCF-4378-43CD-86AC-8F8C26A4BE6B}.Debug|Any CPU.ActiveCfg = Debug|Any CPU
		{E1C3DBCF-4378-43CD-86AC-8F8C26A4BE6B}.Debug|Any CPU.Build.0 = Debug|Any CPU
		{E1C3DBCF-4378-43CD-86AC-8F8C26A4BE6B}.Release|Any CPU.ActiveCfg = Release|Any CPU
		{E1C3DBCF-4378-43CD-86AC-8F8C26A4BE6B}.Release|Any CPU.Build.0 = Release|Any CPU
	EndGlobalSection
	GlobalSection(SolutionProperties) = preSolution
		HideSolutionNode = FALSE
	EndGlobalSection
	GlobalSection(ExtensibilityGlobals) = postSolution
		SolutionGuid = {5470548B-A501-457F-BD18-3CB2E4087F81}
	EndGlobalSection
EndGlobal
